
Microsoft Visual Studio Solution File, Format Version 12.00
# Visual Studio Version 16
VisualStudioVersion = 16.0.34902.97
MinimumVisualStudioVersion = 10.0.40219.1
Project("{FAE04EC0-301F-11D3-BF4B-00C04F79EFBC}") = "QuanLyWebNhacCu", "QuanLyWebNhacCu\QuanLyWebNhacCu.csproj", "{9CFAEC01-89DA-4FB3-A9D4-8E9DD7B99046}"
EndProject
Global
	GlobalSection(SolutionConfigurationPlatforms) = preSolution
		Debug|Any CPU = Debug|Any CPU
		Release|Any CPU = Release|Any CPU
	EndGlobalSection
	GlobalSection(ProjectConfigurationPlatforms) = postSolution
		{9CFAEC01-89DA-4FB3-A9D4-8E9DD7B99046}.Debug|Any CPU.ActiveCfg = Debug|Any CPU
		{9CFAEC01-89DA-4FB3-A9D4-8E9DD7B99046}.Debug|Any CPU.Build.0 = Debug|Any CPU
		{9CFAEC01-89DA-4FB3-A9D4-8E9DD7B99046}.Release|Any CPU.ActiveCfg = Release|Any CPU
		{9CFAEC01-89DA-4FB3-A9D4-8E9DD7B99046}.Release|Any CPU.Build.0 = Release|Any CPU
	EndGlobalSection
	GlobalSection(SolutionProperties) = preSolution
		HideSolutionNode = FALSE
	EndGlobalSection
	GlobalSection(ExtensibilityGlobals) = postSolution
		SolutionGuid = {8C17D735-7801-484E-8C19-C60064E9DD77}
	EndGlobalSection
EndGlobal
